
Microsoft Visual Studio Solution File, Format Version 12.00
# Visual Studio Version 16
VisualStudioVersion = 16.0.31105.61
MinimumVisualStudioVersion = 10.0.40219.1
Project("{FAE04EC0-301F-11D3-BF4B-00C04F79EFBC}") = "Akvelon.Core", "Akvelon.Core\Akvelon.Core.csproj", "{AF009131-C11F-4616-9F35-705C0CC71ADA}"
EndProject
Project("{FAE04EC0-301F-11D3-BF4B-00C04F79EFBC}") = "Akvelon.Data", "Akvelon.Data\Akvelon.Data.csproj", "{A5AB9813-8952-458A-815D-FF6DD9B36391}"
EndProject
Project("{FAE04EC0-301F-11D3-BF4B-00C04F79EFBC}") = "Akvelon.Services", "Akvelon.Services\Akvelon.Services.csproj", "{F197221A-52BA-473A-96AC-034E79FA88E1}"
EndProject
Project("{FAE04EC0-301F-11D3-BF4B-00C04F79EFBC}") = "Akvelon.WebApi", "Akvelon.WebApi\Akvelon.WebApi.csproj", "{C9DE7B9D-17AE-4D53-8731-02FC263626E8}"
EndProject
Global
	GlobalSection(SolutionConfigurationPlatforms) = preSolution
		Debug|Any CPU = Debug|Any CPU
		Release|Any CPU = Release|Any CPU
	EndGlobalSection
	GlobalSection(ProjectConfigurationPlatforms) = postSolution
		{AF009131-C11F-4616-9F35-705C0CC71ADA}.Debug|Any CPU.ActiveCfg = Debug|Any CPU
		{AF009131-C11F-4616-9F35-705C0CC71ADA}.Debug|Any CPU.Build.0 = Debug|Any CPU
		{AF009131-C11F-4616-9F35-705C0CC71ADA}.Release|Any CPU.ActiveCfg = Release|Any CPU
		{AF009131-C11F-4616-9F35-705C0CC71ADA}.Release|Any CPU.Build.0 = Release|Any CPU
		{A5AB9813-8952-458A-815D-FF6DD9B36391}.Debug|Any CPU.ActiveCfg = Debug|Any CPU
		{A5AB9813-8952-458A-815D-FF6DD9B36391}.Debug|Any CPU.Build.0 = Debug|Any CPU
		{A5AB9813-8952-458A-815D-FF6DD9B36391}.Release|Any CPU.ActiveCfg = Release|Any CPU
		{A5AB9813-8952-458A-815D-FF6DD9B36391}.Release|Any CPU.Build.0 = Release|Any CPU
		{F197221A-52BA-473A-96AC-034E79FA88E1}.Debug|Any CPU.ActiveCfg = Debug|Any CPU
		{F197221A-52BA-473A-96AC-034E79FA88E1}.Debug|Any CPU.Build.0 = Debug|Any CPU
		{F197221A-52BA-473A-96AC-034E79FA88E1}.Release|Any CPU.ActiveCfg = Release|Any CPU
		{F197221A-52BA-473A-96AC-034E79FA88E1}.Release|Any CPU.Build.0 = Release|Any CPU
		{C9DE7B9D-17AE-4D53-8731-02FC263626E8}.Debug|Any CPU.ActiveCfg = Debug|Any CPU
		{C9DE7B9D-17AE-4D53-8731-02FC263626E8}.Debug|Any CPU.Build.0 = Debug|Any CPU
		{C9DE7B9D-17AE-4D53-8731-02FC263626E8}.Release|Any CPU.ActiveCfg = Release|Any CPU
		{C9DE7B9D-17AE-4D53-8731-02FC263626E8}.Release|Any CPU.Build.0 = Release|Any CPU
	EndGlobalSection
	GlobalSection(SolutionProperties) = preSolution
		HideSolutionNode = FALSE
	EndGlobalSection
	GlobalSection(ExtensibilityGlobals) = postSolution
		SolutionGuid = {E75F4CAC-2F35-419A-9951-618D3A4D7D3F}
	EndGlobalSection
EndGlobal
